{
  "name": "PackageConsumer",
  "version": "1.0.0",
  "lockfileVersion": 1,
  "requires": true,
  "dependencies": {
    "@hongjyoun/dearmoon": {
      "version": "1.0.5",
      "resolved": "https://registry.npmjs.org/@hongjyoun/dearmoon/-/dearmoon-1.0.5.tgz",
      "integrity": "sha512-VBy7BAnfzTw+8/2mgCz5SzF/9fJ9mpdYuGgH9j2bapYX4yh+Hs1KeQtt2dQaTaXC23HMghqjVEJ9NpPRbNnKfg=="
    }
  }
}
